
Microsoft Visual Studio Solution File, Format Version 12.00
# Visual Studio Version 17
VisualStudioVersion = 17.4.33205.214
MinimumVisualStudioVersion = 10.0.40219.1
Project("{9A19103F-16F7-4668-BE54-9A1E7A4F7556}") = "ConsoleApp1", "ConsoleApp1\ConsoleApp1.csproj", "{CB123815-938A-4A7D-9EE3-292ED7871BCB}"
EndProject
Project("{9A19103F-16F7-4668-BE54-9A1E7A4F7556}") = "ConsoleApp2", "ConsoleApp2\ConsoleApp2.csproj", "{42C6D524-3998-423B-BB9D-3B243482C13D}"
EndProject
Project("{9A19103F-16F7-4668-BE54-9A1E7A4F7556}") = "ConsoleApp3", "ConsoleApp3\ConsoleApp3.csproj", "{A7E90BC6-F7CC-4A9D-9C62-5C8D1E032DF1}"
EndProject
Project("{9A19103F-16F7-4668-BE54-9A1E7A4F7556}") = "ConsoleApp4", "ConsoleApp4\ConsoleApp4.csproj", "{7A447824-0152-4F28-9212-2F3FCC550D8D}"
EndProject
Project("{9A19103F-16F7-4668-BE54-9A1E7A4F7556}") = "ConsoleApp5", "ConsoleApp5\ConsoleApp5.csproj", "{70587E7D-1877-41A1-AC01-0667B38776A9}"
EndProject
Project("{9A19103F-16F7-4668-BE54-9A1E7A4F7556}") = "ConsoleApp6", "ConsoleApp6\ConsoleApp6.csproj", "{91FFAAEB-275D-466F-B758-910321C1A868}"
EndProject
Project("{9A19103F-16F7-4668-BE54-9A1E7A4F7556}") = "ConsoleApp7", "ConsoleApp7\ConsoleApp7.csproj", "{928C694A-DBBF-4D29-BB76-EB5EF034C8B4}"
EndProject
Project("{9A19103F-16F7-4668-BE54-9A1E7A4F7556}") = "ConsoleApp8", "ConsoleApp8\ConsoleApp8.csproj", "{BD06FAD1-B523-4624-95C2-AAE6B10021F9}"
EndProject
Project("{9A19103F-16F7-4668-BE54-9A1E7A4F7556}") = "ConsoleApp9", "ConsoleApp9\ConsoleApp9.csproj", "{A872B870-BA23-40E8-A210-673EC0514391}"
EndProject
Project("{9A19103F-16F7-4668-BE54-9A1E7A4F7556}") = "ConsoleApp10", "ConsoleApp10\ConsoleApp10.csproj", "{111C89B3-8D73-485D-9063-273D7BC3FB59}"
EndProject
Project("{9A19103F-16F7-4668-BE54-9A1E7A4F7556}") = "ConsoleApp11", "ConsoleApp11\ConsoleApp11.csproj", "{4FE5895F-0363-4DC2-B618-2501D59CDF95}"
EndProject
Project("{FAE04EC0-301F-11D3-BF4B-00C04F79EFBC}") = "ConsoleApp12", "ConsoleApp12\ConsoleApp12.csproj", "{99D39041-FB07-4C94-81A2-568C0A14321D}"
EndProject
Global
	GlobalSection(SolutionConfigurationPlatforms) = preSolution
		Debug|Any CPU = Debug|Any CPU
		Release|Any CPU = Release|Any CPU
	EndGlobalSection
	GlobalSection(ProjectConfigurationPlatforms) = postSolution
		{CB123815-938A-4A7D-9EE3-292ED7871BCB}.Debug|Any CPU.ActiveCfg = Debug|Any CPU
		{CB123815-938A-4A7D-9EE3-292ED7871BCB}.Debug|Any CPU.Build.0 = Debug|Any CPU
		{CB123815-938A-4A7D-9EE3-292ED7871BCB}.Release|Any CPU.ActiveCfg = Release|Any CPU
		{CB123815-938A-4A7D-9EE3-292ED7871BCB}.Release|Any CPU.Build.0 = Release|Any CPU
		{42C6D524-3998-423B-BB9D-3B243482C13D}.Debug|Any CPU.ActiveCfg = Debug|Any CPU
		{42C6D524-3998-423B-BB9D-3B243482C13D}.Debug|Any CPU.Build.0 = Debug|Any CPU
		{42C6D524-3998-423B-BB9D-3B243482C13D}.Release|Any CPU.ActiveCfg = Release|Any CPU
		{42C6D524-3998-423B-BB9D-3B243482C13D}.Release|Any CPU.Build.0 = Release|Any CPU
		{A7E90BC6-F7CC-4A9D-9C62-5C8D1E032DF1}.Debug|Any CPU.ActiveCfg = Debug|Any CPU
		{A7E90BC6-F7CC-4A9D-9C62-5C8D1E032DF1}.Debug|Any CPU.Build.0 = Debug|Any CPU
		{A7E90BC6-F7CC-4A9D-9C62-5C8D1E032DF1}.Release|Any CPU.ActiveCfg = Release|Any CPU
		{A7E90BC6-F7CC-4A9D-9C62-5C8D1E032DF1}.Release|Any CPU.Build.0 = Release|Any CPU
		{7A447824-0152-4F28-9212-2F3FCC550D8D}.Debug|Any CPU.ActiveCfg = Debug|Any CPU
		{7A447824-0152-4F28-9212-2F3FCC550D8D}.Debug|Any CPU.Build.0 = Debug|Any CPU
		{7A447824-0152-4F28-9212-2F3FCC550D8D}.Release|Any CPU.ActiveCfg = Release|Any CPU
		{7A447824-0152-4F28-9212-2F3FCC550D8D}.Release|Any CPU.Build.0 = Release|Any CPU
		{70587E7D-1877-41A1-AC01-0667B38776A9}.Debug|Any CPU.ActiveCfg = Debug|Any CPU
		{70587E7D-1877-41A1-AC01-0667B38776A9}.Debug|Any CPU.Build.0 = Debug|Any CPU
		{70587E7D-1877-41A1-AC01-0667B38776A9}.Release|Any CPU.ActiveCfg = Release|Any CPU
		{70587E7D-1877-41A1-AC01-0667B38776A9}.Release|Any CPU.Build.0 = Release|Any CPU
		{91FFAAEB-275D-466F-B758-910321C1A868}.Debug|Any CPU.ActiveCfg = Debug|Any CPU
		{91FFAAEB-275D-466F-B758-910321C1A868}.Debug|Any CPU.Build.0 = Debug|Any CPU
		{91FFAAEB-275D-466F-B758-910321C1A868}.Release|Any CPU.ActiveCfg = Release|Any CPU
		{91FFAAEB-275D-466F-B758-910321C1A868}.Release|Any CPU.Build.0 = Release|Any CPU
		{928C694A-DBBF-4D29-BB76-EB5EF034C8B4}.Debug|Any CPU.ActiveCfg = Debug|Any CPU
		{928C694A-DBBF-4D29-BB76-EB5EF034C8B4}.Debug|Any CPU.Build.0 = Debug|Any CPU
		{928C694A-DBBF-4D29-BB76-EB5EF034C8B4}.Release|Any CPU.ActiveCfg = Release|Any CPU
		{928C694A-DBBF-4D29-BB76-EB5EF034C8B4}.Release|Any CPU.Build.0 = Release|Any CPU
		{BD06FAD1-B523-4624-95C2-AAE6B10021F9}.Debug|Any CPU.ActiveCfg = Debug|Any CPU
		{BD06FAD1-B523-4624-95C2-AAE6B10021F9}.Debug|Any CPU.Build.0 = Debug|Any CPU
		{BD06FAD1-B523-4624-95C2-AAE6B10021F9}.Release|Any CPU.ActiveCfg = Release|Any CPU
		{BD06FAD1-B523-4624-95C2-AAE6B10021F9}.Release|Any CPU.Build.0 = Release|Any CPU
		{A872B870-BA23-40E8-A210-673EC0514391}.Debug|Any CPU.ActiveCfg = Debug|Any CPU
		{A872B870-BA23-40E8-A210-673EC0514391}.Debug|Any CPU.Build.0 = Debug|Any CPU
		{A872B870-BA23-40E8-A210-673EC0514391}.Release|Any CPU.ActiveCfg = Release|Any CPU
		{A872B870-BA23-40E8-A210-673EC0514391}.Release|Any CPU.Build.0 = Release|Any CPU
		{111C89B3-8D73-485D-9063-273D7BC3FB59}.Debug|Any CPU.ActiveCfg = Debug|Any CPU
		{111C89B3-8D73-485D-9063-273D7BC3FB59}.Debug|Any CPU.Build.0 = Debug|Any CPU
		{111C89B3-8D73-485D-9063-273D7BC3FB59}.Release|Any CPU.ActiveCfg = Release|Any CPU
		{111C89B3-8D73-485D-9063-273D7BC3FB59}.Release|Any CPU.Build.0 = Release|Any CPU
		{4FE5895F-0363-4DC2-B618-2501D59CDF95}.Debug|Any CPU.ActiveCfg = Debug|Any CPU
		{4FE5895F-0363-4DC2-B618-2501D59CDF95}.Debug|Any CPU.Build.0 = Debug|Any CPU
		{4FE5895F-0363-4DC2-B618-2501D59CDF95}.Release|Any CPU.ActiveCfg = Release|Any CPU
		{4FE5895F-0363-4DC2-B618-2501D59CDF95}.Release|Any CPU.Build.0 = Release|Any CPU
		{99D39041-FB07-4C94-81A2-568C0A14321D}.Debug|Any CPU.ActiveCfg = Debug|Any CPU
		{99D39041-FB07-4C94-81A2-568C0A14321D}.Debug|Any CPU.Build.0 = Debug|Any CPU
		{99D39041-FB07-4C94-81A2-568C0A14321D}.Release|Any CPU.ActiveCfg = Release|Any CPU
		{99D39041-FB07-4C94-81A2-568C0A14321D}.Release|Any CPU.Build.0 = Release|Any CPU
	EndGlobalSection
	GlobalSection(SolutionProperties) = preSolution
		HideSolutionNode = FALSE
	EndGlobalSection
	GlobalSection(ExtensibilityGlobals) = postSolution
		SolutionGuid = {E94281EF-9290-498A-A06F-F49ACDA60114}
	EndGlobalSection
EndGlobal
